
Microsoft Visual Studio Solution File, Format Version 12.00
# Visual Studio Version 16
VisualStudioVersion = 16.0.31729.503
MinimumVisualStudioVersion = 10.0.40219.1
Project("{9A19103F-16F7-4668-BE54-9A1E7A4F7556}") = "PracowniaProgramowaniaProjekt1", "C:\Users\djjay\source\repos\domjag5\PracowniaProgramowaniaProjekt1\PracowniaProgramowaniaProjekt1.csproj", "{21F5C4F2-F176-49B5-B93E-249F9CFB0696}"
EndProject
Project("{9A19103F-16F7-4668-BE54-9A1E7A4F7556}") = "PracowniaProgramowaniaProjekt1_TestyJednostkowe", "C:\Users\djjay\source\repos\domjag5\PracowniaProgramowaniaProjekt1_TestyJednostkowe\PracowniaProgramowaniaProjekt1_TestyJednostkowe.csproj", "{67AD99C4-3836-4168-BE4E-17FC620C2075}"
EndProject
Global
	GlobalSection(SolutionConfigurationPlatforms) = preSolution
		Debug|Any CPU = Debug|Any CPU
		Release|Any CPU = Release|Any CPU
	EndGlobalSection
	GlobalSection(ProjectConfigurationPlatforms) = postSolution
		{21F5C4F2-F176-49B5-B93E-249F9CFB0696}.Debug|Any CPU.ActiveCfg = Debug|Any CPU
		{21F5C4F2-F176-49B5-B93E-249F9CFB0696}.Debug|Any CPU.Build.0 = Debug|Any CPU
		{21F5C4F2-F176-49B5-B93E-249F9CFB0696}.Release|Any CPU.ActiveCfg = Release|Any CPU
		{21F5C4F2-F176-49B5-B93E-249F9CFB0696}.Release|Any CPU.Build.0 = Release|Any CPU
		{67AD99C4-3836-4168-BE4E-17FC620C2075}.Debug|Any CPU.ActiveCfg = Debug|Any CPU
		{67AD99C4-3836-4168-BE4E-17FC620C2075}.Debug|Any CPU.Build.0 = Debug|Any CPU
		{67AD99C4-3836-4168-BE4E-17FC620C2075}.Release|Any CPU.ActiveCfg = Release|Any CPU
		{67AD99C4-3836-4168-BE4E-17FC620C2075}.Release|Any CPU.Build.0 = Release|Any CPU
	EndGlobalSection
	GlobalSection(SolutionProperties) = preSolution
		HideSolutionNode = FALSE
	EndGlobalSection
	GlobalSection(ExtensibilityGlobals) = postSolution
		SolutionGuid = {2FFAD7A1-FE13-4E63-9D14-029C0CC79C11}
	EndGlobalSection
EndGlobal
